
Microsoft Visual Studio Solution File, Format Version 9.00
# Visual Studio 2005
Project("{8BC9CEB8-8B4A-11D0-8D11-00A0C91BC942}") = "Deposite", "Deposite\Deposite.vcproj", "{05E500FD-67D3-4884-9EF6-00FB5C935DF8}"
EndProject
Global
	GlobalSection(SolutionConfigurationPlatforms) = preSolution
		Debug|Win32 = Debug|Win32
		Release|Win32 = Release|Win32
	EndGlobalSection
	GlobalSection(ProjectConfigurationPlatforms) = postSolution
		{05E500FD-67D3-4884-9EF6-00FB5C935DF8}.Debug|Win32.ActiveCfg = Debug|Win32
		{05E500FD-67D3-4884-9EF6-00FB5C935DF8}.Debug|Win32.Build.0 = Debug|Win32
		{05E500FD-67D3-4884-9EF6-00FB5C935DF8}.Release|Win32.ActiveCfg = Release|Win32
		{05E500FD-67D3-4884-9EF6-00FB5C935DF8}.Release|Win32.Build.0 = Release|Win32
	EndGlobalSection
	GlobalSection(SolutionProperties) = preSolution
		HideSolutionNode = FALSE
	EndGlobalSection
EndGlobal
